
Microsoft Visual Studio Solution File, Format Version 12.00
# Visual Studio Version 17
VisualStudioVersion = 17.13.35828.75 d17.13
MinimumVisualStudioVersion = 10.0.40219.1
Project("{FAE04EC0-301F-11D3-BF4B-00C04F79EFBC}") = "MedicalRep", "MedicalRep\MedicalRep.csproj", "{A7A57CA1-0503-4F34-B133-384EA12A1582}"
EndProject
Global
	GlobalSection(SolutionConfigurationPlatforms) = preSolution
		Debug|Any CPU = Debug|Any CPU
		Release|Any CPU = Release|Any CPU
	EndGlobalSection
	GlobalSection(ProjectConfigurationPlatforms) = postSolution
		{A7A57CA1-0503-4F34-B133-384EA12A1582}.Debug|Any CPU.ActiveCfg = Debug|Any CPU
		{A7A57CA1-0503-4F34-B133-384EA12A1582}.Debug|Any CPU.Build.0 = Debug|Any CPU
		{A7A57CA1-0503-4F34-B133-384EA12A1582}.Release|Any CPU.ActiveCfg = Release|Any CPU
		{A7A57CA1-0503-4F34-B133-384EA12A1582}.Release|Any CPU.Build.0 = Release|Any CPU
	EndGlobalSection
	GlobalSection(SolutionProperties) = preSolution
		HideSolutionNode = FALSE
	EndGlobalSection
	GlobalSection(ExtensibilityGlobals) = postSolution
		SolutionGuid = {3A7DE217-EA7F-4553-B9E2-8DED49448F05}
	EndGlobalSection
EndGlobal
